
Microsoft Visual Studio Solution File, Format Version 12.00
# Visual Studio Version 17
VisualStudioVersion = 17.11.35303.130
MinimumVisualStudioVersion = 10.0.40219.1
Project("{2150E333-8FDC-42A3-9474-1A3956D46DE8}") = "Task0", "Task0", "{4347F23C-40AB-4E28-9AA1-0B35C100B804}"
EndProject
Project("{2150E333-8FDC-42A3-9474-1A3956D46DE8}") = "Task1", "Task1", "{379D30CA-48D9-4FDD-BA84-D13C6C2A204D}"
EndProject
Project("{9A19103F-16F7-4668-BE54-9A1E7A4F7556}") = "Tyuiu.SilinEV.Sprint3.Task0.V9", "Tyuiu.SilinEV.Sprint3.Task0.V9\Tyuiu.SilinEV.Sprint3.Task0.V9.csproj", "{D95D1B5E-47EF-4AF3-8502-880579430B33}"
EndProject
Project("{9A19103F-16F7-4668-BE54-9A1E7A4F7556}") = "Tyuiu.SilinEV.Sprint3.Task0.V9.Lib", "Tyuiu.SilinEV.Sprint3.Task0.V9.Lib\Tyuiu.SilinEV.Sprint3.Task0.V9.Lib.csproj", "{F5932A01-98E4-474F-8ED3-EE72CC2A28EA}"
EndProject
Project("{9A19103F-16F7-4668-BE54-9A1E7A4F7556}") = "Tyuiu.SilinEV.Sprint3.Task1.V24", "Tyuiu.SilinEV.Sprint3.Task1.V24\Tyuiu.SilinEV.Sprint3.Task1.V24.csproj", "{F2C66281-6579-447C-9EE9-15104AEFFCBA}"
EndProject
Project("{9A19103F-16F7-4668-BE54-9A1E7A4F7556}") = "Tyuiu.SilinEV.Sprint3.Task1.V24.Lib", "Tyuiu.SilinEV.Sprint3.Task1.V24.Lib\Tyuiu.SilinEV.Sprint3.Task1.V24.Lib.csproj", "{45E8D5EA-BA4E-46A3-9256-F2D0CF4098E2}"
EndProject
Project("{2150E333-8FDC-42A3-9474-1A3956D46DE8}") = "Task2", "Task2", "{58036696-A609-4597-B034-CEB3D31174F9}"
EndProject
Project("{9A19103F-16F7-4668-BE54-9A1E7A4F7556}") = "Tyuiu.SilinEV.Sprint3.Task2.V14", "Tyuiu.SilinEV.Sprint3.Task2.V14\Tyuiu.SilinEV.Sprint3.Task2.V14.csproj", "{CE620480-2563-4A95-97FE-4FB44FB4960E}"
EndProject
Project("{9A19103F-16F7-4668-BE54-9A1E7A4F7556}") = "Tyuiu.SilinEV.Sprint3.Task2.V14.Lib", "Tyuiu.SilinEV.Sprint3.Task2.V14.Lib\Tyuiu.SilinEV.Sprint3.Task2.V14.Lib.csproj", "{8C000A37-D5ED-48C8-BF6C-8277042DE4FE}"
EndProject
Project("{2150E333-8FDC-42A3-9474-1A3956D46DE8}") = "Task3", "Task3", "{08E6F98D-7878-4CCB-A9E8-DD8293FE383E}"
EndProject
Project("{FAE04EC0-301F-11D3-BF4B-00C04F79EFBC}") = "Tyuiu.SilinEV.Sprint3.Task3.V14", "Tyuiu.SilinEV.Sprint3.Task3.V14\Tyuiu.SilinEV.Sprint3.Task3.V14.csproj", "{241B018A-7CFE-4240-B167-30D370AA5536}"
EndProject
Project("{FAE04EC0-301F-11D3-BF4B-00C04F79EFBC}") = "Tyuiu.SilinEV.Sprint3.Task3.V14.Lib", "Tyuiu.SilinEV.Sprint3.Task3.V14.Lib\Tyuiu.SilinEV.Sprint3.Task3.V14.Lib.csproj", "{31E8E90B-B954-4D22-A410-4FD4803DD7A2}"
EndProject
Project("{FAE04EC0-301F-11D3-BF4B-00C04F79EFBC}") = "Tyuiu.SilinEV.Sprint3.Task3.V14.Test", "Tyuiu.SilinEV.Sprint3.Task3.V14.Test\Tyuiu.SilinEV.Sprint3.Task3.V14.Test.csproj", "{4A3847B9-0DFB-4126-80E0-FCFF51B98FE6}"
EndProject
Project("{2150E333-8FDC-42A3-9474-1A3956D46DE8}") = "Task4", "Task4", "{13F1AD3B-5138-4397-BBE5-593FC39D89E3}"
EndProject
Project("{FAE04EC0-301F-11D3-BF4B-00C04F79EFBC}") = "Tyuiu.SilinEV.Sprint3.Task4.V1", "Tyuiu.SilinEV.Sprint3.Task4.V1\Tyuiu.SilinEV.Sprint3.Task4.V1.csproj", "{E5A79CCE-DA48-4EDC-B9ED-8F75CB69B6B2}"
EndProject
Project("{FAE04EC0-301F-11D3-BF4B-00C04F79EFBC}") = "Tyuiu.SilinEV.Sprint3.Task4.V1.Lib", "Tyuiu.SilinEV.Sprint3.Task4.V1.Lib\Tyuiu.SilinEV.Sprint3.Task4.V1.Lib.csproj", "{B41F16F2-C442-401F-89E9-8481C32F88A9}"
EndProject
Project("{FAE04EC0-301F-11D3-BF4B-00C04F79EFBC}") = "Tyuiu.SilinEV.Sprint3.Task4.V1.Test", "Tyuiu.SilinEV.Sprint3.Task4.V1.Test\Tyuiu.SilinEV.Sprint3.Task4.V1.Test.csproj", "{123E6E5A-3321-4B11-9472-AB4773D87CEF}"
EndProject
Project("{2150E333-8FDC-42A3-9474-1A3956D46DE8}") = "Task5", "Task5", "{BCE4E7DA-6EF4-43F8-850F-A322C23B7A9B}"
EndProject
Project("{FAE04EC0-301F-11D3-BF4B-00C04F79EFBC}") = "Tyuiu.SilinEV.Sprint3.Task5.V2", "Tyuiu.SilinEV.Sprint3.Task5.V2\Tyuiu.SilinEV.Sprint3.Task5.V2.csproj", "{1081818D-4CAC-46EB-823B-DB81E4116A34}"
EndProject
Project("{FAE04EC0-301F-11D3-BF4B-00C04F79EFBC}") = "Tyuiu.SilinEV.Sprint3.Task5.V2.Lib", "Tyuiu.SilinEV.Sprint3.Task5.V2.Lib\Tyuiu.SilinEV.Sprint3.Task5.V2.Lib.csproj", "{D3140F68-4A9E-4B0F-99F6-BDA686AFB354}"
EndProject
Project("{FAE04EC0-301F-11D3-BF4B-00C04F79EFBC}") = "Tyuiu.SilinEV.Sprint3.Task5.V2.Test", "Tyuiu.SilinEV.Sprint3.Task5.V2.Test\Tyuiu.SilinEV.Sprint3.Task5.V2.Test.csproj", "{7E69E285-E809-43FC-AAC8-B57D83128371}"
EndProject
Project("{2150E333-8FDC-42A3-9474-1A3956D46DE8}") = "Task6", "Task6", "{C3C0AB27-61FA-42B1-99FD-1A27440970B8}"
EndProject
Project("{FAE04EC0-301F-11D3-BF4B-00C04F79EFBC}") = "Tyuiu.SilinEV.Sprint3.Task6.V22", "Tyuiu.SilinEV.Sprint3.Task6.V22\Tyuiu.SilinEV.Sprint3.Task6.V22.csproj", "{977DF625-2F98-4F0F-BC9F-22F203E6EEBC}"
EndProject
Project("{FAE04EC0-301F-11D3-BF4B-00C04F79EFBC}") = "Tyuiu.SilinEV.Sprint3.Task6.V22.Lib", "Tyuiu.SilinEV.Sprint3.Task6.V22.Lib\Tyuiu.SilinEV.Sprint3.Task6.V22.Lib.csproj", "{CF5971CA-846D-42E4-A8E3-9D330739E199}"
EndProject
Project("{FAE04EC0-301F-11D3-BF4B-00C04F79EFBC}") = "Tyuiu.SilinEV.Sprint3.Task6.V22.Test", "Tyuiu.SilinEV.Sprint3.Task6.V22.Test\Tyuiu.SilinEV.Sprint3.Task6.V22.Test.csproj", "{D36FE458-7B0C-4677-880B-BA662A01BB0D}"
EndProject
Project("{2150E333-8FDC-42A3-9474-1A3956D46DE8}") = "Task7", "Task7", "{D9B6B0AC-FE84-4897-98CC-C12D5C4B97AC}"
EndProject
Project("{FAE04EC0-301F-11D3-BF4B-00C04F79EFBC}") = "Tyuiu.SilinEV.Sprint3.Task7.V18", "Tyuiu.SilinEV.Sprint3.Task7.V18\Tyuiu.SilinEV.Sprint3.Task7.V18.csproj", "{DDAB9E54-69CD-4846-A5B0-02B470B8209A}"
EndProject
Project("{FAE04EC0-301F-11D3-BF4B-00C04F79EFBC}") = "Tyuiu.SilinEV.Sprint3.Task7.V18.Lib", "Tyuiu.SilinEV.Sprint3.Task7.V18.Lib\Tyuiu.SilinEV.Sprint3.Task7.V18.Lib.csproj", "{69B526AA-870B-4B83-8B3A-09DFD23D1453}"
EndProject
Project("{FAE04EC0-301F-11D3-BF4B-00C04F79EFBC}") = "Tyuiu.SilinEV.Sprint3.Task7.V18.Test", "Tyuiu.SilinEV.Sprint3.Task7.V18.Test\Tyuiu.SilinEV.Sprint3.Task7.V18.Test.csproj", "{6274C8BE-8560-4C79-937C-A1262888212C}"
EndProject
Global
	GlobalSection(SolutionConfigurationPlatforms) = preSolution
		Debug|Any CPU = Debug|Any CPU
		Release|Any CPU = Release|Any CPU
	EndGlobalSection
	GlobalSection(ProjectConfigurationPlatforms) = postSolution
		{D95D1B5E-47EF-4AF3-8502-880579430B33}.Debug|Any CPU.ActiveCfg = Debug|Any CPU
		{D95D1B5E-47EF-4AF3-8502-880579430B33}.Debug|Any CPU.Build.0 = Debug|Any CPU
		{D95D1B5E-47EF-4AF3-8502-880579430B33}.Release|Any CPU.ActiveCfg = Release|Any CPU
		{D95D1B5E-47EF-4AF3-8502-880579430B33}.Release|Any CPU.Build.0 = Release|Any CPU
		{F5932A01-98E4-474F-8ED3-EE72CC2A28EA}.Debug|Any CPU.ActiveCfg = Debug|Any CPU
		{F5932A01-98E4-474F-8ED3-EE72CC2A28EA}.Debug|Any CPU.Build.0 = Debug|Any CPU
		{F5932A01-98E4-474F-8ED3-EE72CC2A28EA}.Release|Any CPU.ActiveCfg = Release|Any CPU
		{F5932A01-98E4-474F-8ED3-EE72CC2A28EA}.Release|Any CPU.Build.0 = Release|Any CPU
		{F2C66281-6579-447C-9EE9-15104AEFFCBA}.Debug|Any CPU.ActiveCfg = Debug|Any CPU
		{F2C66281-6579-447C-9EE9-15104AEFFCBA}.Debug|Any CPU.Build.0 = Debug|Any CPU
		{F2C66281-6579-447C-9EE9-15104AEFFCBA}.Release|Any CPU.ActiveCfg = Release|Any CPU
		{F2C66281-6579-447C-9EE9-15104AEFFCBA}.Release|Any CPU.Build.0 = Release|Any CPU
		{45E8D5EA-BA4E-46A3-9256-F2D0CF4098E2}.Debug|Any CPU.ActiveCfg = Debug|Any CPU
		{45E8D5EA-BA4E-46A3-9256-F2D0CF4098E2}.Debug|Any CPU.Build.0 = Debug|Any CPU
		{45E8D5EA-BA4E-46A3-9256-F2D0CF4098E2}.Release|Any CPU.ActiveCfg = Release|Any CPU
		{45E8D5EA-BA4E-46A3-9256-F2D0CF4098E2}.Release|Any CPU.Build.0 = Release|Any CPU
		{CE620480-2563-4A95-97FE-4FB44FB4960E}.Debug|Any CPU.ActiveCfg = Debug|Any CPU
		{CE620480-2563-4A95-97FE-4FB44FB4960E}.Debug|Any CPU.Build.0 = Debug|Any CPU
		{CE620480-2563-4A95-97FE-4FB44FB4960E}.Release|Any CPU.ActiveCfg = Release|Any CPU
		{CE620480-2563-4A95-97FE-4FB44FB4960E}.Release|Any CPU.Build.0 = Release|Any CPU
		{8C000A37-D5ED-48C8-BF6C-8277042DE4FE}.Debug|Any CPU.ActiveCfg = Debug|Any CPU
		{8C000A37-D5ED-48C8-BF6C-8277042DE4FE}.Debug|Any CPU.Build.0 = Debug|Any CPU
		{8C000A37-D5ED-48C8-BF6C-8277042DE4FE}.Release|Any CPU.ActiveCfg = Release|Any CPU
		{8C000A37-D5ED-48C8-BF6C-8277042DE4FE}.Release|Any CPU.Build.0 = Release|Any CPU
		{241B018A-7CFE-4240-B167-30D370AA5536}.Debug|Any CPU.ActiveCfg = Debug|Any CPU
		{241B018A-7CFE-4240-B167-30D370AA5536}.Debug|Any CPU.Build.0 = Debug|Any CPU
		{241B018A-7CFE-4240-B167-30D370AA5536}.Release|Any CPU.ActiveCfg = Release|Any CPU
		{241B018A-7CFE-4240-B167-30D370AA5536}.Release|Any CPU.Build.0 = Release|Any CPU
		{31E8E90B-B954-4D22-A410-4FD4803DD7A2}.Debug|Any CPU.ActiveCfg = Debug|Any CPU
		{31E8E90B-B954-4D22-A410-4FD4803DD7A2}.Debug|Any CPU.Build.0 = Debug|Any CPU
		{31E8E90B-B954-4D22-A410-4FD4803DD7A2}.Release|Any CPU.ActiveCfg = Release|Any CPU
		{31E8E90B-B954-4D22-A410-4FD4803DD7A2}.Release|Any CPU.Build.0 = Release|Any CPU
		{4A3847B9-0DFB-4126-80E0-FCFF51B98FE6}.Debug|Any CPU.ActiveCfg = Debug|Any CPU
		{4A3847B9-0DFB-4126-80E0-FCFF51B98FE6}.Debug|Any CPU.Build.0 = Debug|Any CPU
		{4A3847B9-0DFB-4126-80E0-FCFF51B98FE6}.Release|Any CPU.ActiveCfg = Release|Any CPU
		{4A3847B9-0DFB-4126-80E0-FCFF51B98FE6}.Release|Any CPU.Build.0 = Release|Any CPU
		{E5A79CCE-DA48-4EDC-B9ED-8F75CB69B6B2}.Debug|Any CPU.ActiveCfg = Debug|Any CPU
		{E5A79CCE-DA48-4EDC-B9ED-8F75CB69B6B2}.Debug|Any CPU.Build.0 = Debug|Any CPU
		{E5A79CCE-DA48-4EDC-B9ED-8F75CB69B6B2}.Release|Any CPU.ActiveCfg = Release|Any CPU
		{E5A79CCE-DA48-4EDC-B9ED-8F75CB69B6B2}.Release|Any CPU.Build.0 = Release|Any CPU
		{B41F16F2-C442-401F-89E9-8481C32F88A9}.Debug|Any CPU.ActiveCfg = Debug|Any CPU
		{B41F16F2-C442-401F-89E9-8481C32F88A9}.Debug|Any CPU.Build.0 = Debug|Any CPU
		{B41F16F2-C442-401F-89E9-8481C32F88A9}.Release|Any CPU.ActiveCfg = Release|Any CPU
		{B41F16F2-C442-401F-89E9-8481C32F88A9}.Release|Any CPU.Build.0 = Release|Any CPU
		{123E6E5A-3321-4B11-9472-AB4773D87CEF}.Debug|Any CPU.ActiveCfg = Debug|Any CPU
		{123E6E5A-3321-4B11-9472-AB4773D87CEF}.Debug|Any CPU.Build.0 = Debug|Any CPU
		{123E6E5A-3321-4B11-9472-AB4773D87CEF}.Release|Any CPU.ActiveCfg = Release|Any CPU
		{123E6E5A-3321-4B11-9472-AB4773D87CEF}.Release|Any CPU.Build.0 = Release|Any CPU
		{1081818D-4CAC-46EB-823B-DB81E4116A34}.Debug|Any CPU.ActiveCfg = Debug|Any CPU
		{1081818D-4CAC-46EB-823B-DB81E4116A34}.Debug|Any CPU.Build.0 = Debug|Any CPU
		{1081818D-4CAC-46EB-823B-DB81E4116A34}.Release|Any CPU.ActiveCfg = Release|Any CPU
		{1081818D-4CAC-46EB-823B-DB81E4116A34}.Release|Any CPU.Build.0 = Release|Any CPU
		{D3140F68-4A9E-4B0F-99F6-BDA686AFB354}.Debug|Any CPU.ActiveCfg = Debug|Any CPU
		{D3140F68-4A9E-4B0F-99F6-BDA686AFB354}.Debug|Any CPU.Build.0 = Debug|Any CPU
		{D3140F68-4A9E-4B0F-99F6-BDA686AFB354}.Release|Any CPU.ActiveCfg = Release|Any CPU
		{D3140F68-4A9E-4B0F-99F6-BDA686AFB354}.Release|Any CPU.Build.0 = Release|Any CPU
		{7E69E285-E809-43FC-AAC8-B57D83128371}.Debug|Any CPU.ActiveCfg = Debug|Any CPU
		{7E69E285-E809-43FC-AAC8-B57D83128371}.Debug|Any CPU.Build.0 = Debug|Any CPU
		{7E69E285-E809-43FC-AAC8-B57D83128371}.Release|Any CPU.ActiveCfg = Release|Any CPU
		{7E69E285-E809-43FC-AAC8-B57D83128371}.Release|Any CPU.Build.0 = Release|Any CPU
		{977DF625-2F98-4F0F-BC9F-22F203E6EEBC}.Debug|Any CPU.ActiveCfg = Debug|Any CPU
		{977DF625-2F98-4F0F-BC9F-22F203E6EEBC}.Debug|Any CPU.Build.0 = Debug|Any CPU
		{977DF625-2F98-4F0F-BC9F-22F203E6EEBC}.Release|Any CPU.ActiveCfg = Release|Any CPU
		{977DF625-2F98-4F0F-BC9F-22F203E6EEBC}.Release|Any CPU.Build.0 = Release|Any CPU
		{CF5971CA-846D-42E4-A8E3-9D330739E199}.Debug|Any CPU.ActiveCfg = Debug|Any CPU
		{CF5971CA-846D-42E4-A8E3-9D330739E199}.Debug|Any CPU.Build.0 = Debug|Any CPU
		{CF5971CA-846D-42E4-A8E3-9D330739E199}.Release|Any CPU.ActiveCfg = Release|Any CPU
		{CF5971CA-846D-42E4-A8E3-9D330739E199}.Release|Any CPU.Build.0 = Release|Any CPU
		{D36FE458-7B0C-4677-880B-BA662A01BB0D}.Debug|Any CPU.ActiveCfg = Debug|Any CPU
		{D36FE458-7B0C-4677-880B-BA662A01BB0D}.Debug|Any CPU.Build.0 = Debug|Any CPU
		{D36FE458-7B0C-4677-880B-BA662A01BB0D}.Release|Any CPU.ActiveCfg = Release|Any CPU
		{D36FE458-7B0C-4677-880B-BA662A01BB0D}.Release|Any CPU.Build.0 = Release|Any CPU
		{DDAB9E54-69CD-4846-A5B0-02B470B8209A}.Debug|Any CPU.ActiveCfg = Debug|Any CPU
		{DDAB9E54-69CD-4846-A5B0-02B470B8209A}.Debug|Any CPU.Build.0 = Debug|Any CPU
		{DDAB9E54-69CD-4846-A5B0-02B470B8209A}.Release|Any CPU.ActiveCfg = Release|Any CPU
		{DDAB9E54-69CD-4846-A5B0-02B470B8209A}.Release|Any CPU.Build.0 = Release|Any CPU
		{69B526AA-870B-4B83-8B3A-09DFD23D1453}.Debug|Any CPU.ActiveCfg = Debug|Any CPU
		{69B526AA-870B-4B83-8B3A-09DFD23D1453}.Debug|Any CPU.Build.0 = Debug|Any CPU
		{69B526AA-870B-4B83-8B3A-09DFD23D1453}.Release|Any CPU.ActiveCfg = Release|Any CPU
		{69B526AA-870B-4B83-8B3A-09DFD23D1453}.Release|Any CPU.Build.0 = Release|Any CPU
		{6274C8BE-8560-4C79-937C-A1262888212C}.Debug|Any CPU.ActiveCfg = Debug|Any CPU
		{6274C8BE-8560-4C79-937C-A1262888212C}.Debug|Any CPU.Build.0 = Debug|Any CPU
		{6274C8BE-8560-4C79-937C-A1262888212C}.Release|Any CPU.ActiveCfg = Release|Any CPU
		{6274C8BE-8560-4C79-937C-A1262888212C}.Release|Any CPU.Build.0 = Release|Any CPU
	EndGlobalSection
	GlobalSection(SolutionProperties) = preSolution
		HideSolutionNode = FALSE
	EndGlobalSection
	GlobalSection(NestedProjects) = preSolution
		{D95D1B5E-47EF-4AF3-8502-880579430B33} = {4347F23C-40AB-4E28-9AA1-0B35C100B804}
		{F5932A01-98E4-474F-8ED3-EE72CC2A28EA} = {4347F23C-40AB-4E28-9AA1-0B35C100B804}
		{F2C66281-6579-447C-9EE9-15104AEFFCBA} = {379D30CA-48D9-4FDD-BA84-D13C6C2A204D}
		{45E8D5EA-BA4E-46A3-9256-F2D0CF4098E2} = {379D30CA-48D9-4FDD-BA84-D13C6C2A204D}
		{CE620480-2563-4A95-97FE-4FB44FB4960E} = {58036696-A609-4597-B034-CEB3D31174F9}
		{8C000A37-D5ED-48C8-BF6C-8277042DE4FE} = {58036696-A609-4597-B034-CEB3D31174F9}
		{241B018A-7CFE-4240-B167-30D370AA5536} = {08E6F98D-7878-4CCB-A9E8-DD8293FE383E}
		{31E8E90B-B954-4D22-A410-4FD4803DD7A2} = {08E6F98D-7878-4CCB-A9E8-DD8293FE383E}
		{4A3847B9-0DFB-4126-80E0-FCFF51B98FE6} = {08E6F98D-7878-4CCB-A9E8-DD8293FE383E}
		{E5A79CCE-DA48-4EDC-B9ED-8F75CB69B6B2} = {13F1AD3B-5138-4397-BBE5-593FC39D89E3}
		{B41F16F2-C442-401F-89E9-8481C32F88A9} = {13F1AD3B-5138-4397-BBE5-593FC39D89E3}
		{123E6E5A-3321-4B11-9472-AB4773D87CEF} = {13F1AD3B-5138-4397-BBE5-593FC39D89E3}
		{1081818D-4CAC-46EB-823B-DB81E4116A34} = {BCE4E7DA-6EF4-43F8-850F-A322C23B7A9B}
		{D3140F68-4A9E-4B0F-99F6-BDA686AFB354} = {BCE4E7DA-6EF4-43F8-850F-A322C23B7A9B}
		{7E69E285-E809-43FC-AAC8-B57D83128371} = {BCE4E7DA-6EF4-43F8-850F-A322C23B7A9B}
		{977DF625-2F98-4F0F-BC9F-22F203E6EEBC} = {C3C0AB27-61FA-42B1-99FD-1A27440970B8}
		{CF5971CA-846D-42E4-A8E3-9D330739E199} = {C3C0AB27-61FA-42B1-99FD-1A27440970B8}
		{D36FE458-7B0C-4677-880B-BA662A01BB0D} = {C3C0AB27-61FA-42B1-99FD-1A27440970B8}
		{DDAB9E54-69CD-4846-A5B0-02B470B8209A} = {D9B6B0AC-FE84-4897-98CC-C12D5C4B97AC}
		{69B526AA-870B-4B83-8B3A-09DFD23D1453} = {D9B6B0AC-FE84-4897-98CC-C12D5C4B97AC}
		{6274C8BE-8560-4C79-937C-A1262888212C} = {D9B6B0AC-FE84-4897-98CC-C12D5C4B97AC}
	EndGlobalSection
	GlobalSection(ExtensibilityGlobals) = postSolution
		SolutionGuid = {2FA137D7-71DD-4CA6-8E35-92C38DBD5AE5}
	EndGlobalSection
EndGlobal
